
Microsoft Visual Studio Solution File, Format Version 12.00
# Visual Studio Version 16
VisualStudioVersion = 16.0.29025.244
MinimumVisualStudioVersion = 10.0.40219.1
Project("{FAE04EC0-301F-11D3-BF4B-00C04F79EFBC}") = "Application.Web", "Application.Web\Application.Web.csproj", "{C05EDDF7-B9D0-472A-BDA0-38D311B2CCBE}"
EndProject
Project("{FAE04EC0-301F-11D3-BF4B-00C04F79EFBC}") = "Application.Core", "Application.Core\Application.Core.csproj", "{60180037-CFA9-4E03-809A-F318379FC8D6}"
EndProject
Project("{FAE04EC0-301F-11D3-BF4B-00C04F79EFBC}") = "Application.Models", "Application.Models\Application.Models.csproj", "{A552F078-26B5-415D-AF36-3C442415EEDC}"
EndProject
Project("{2150E333-8FDC-42A3-9474-1A3956D46DE8}") = "Features", "Features", "{4FEA992D-B62A-4541-835F-FABA1ED272C0}"
EndProject
Project("{FAE04EC0-301F-11D3-BF4B-00C04F79EFBC}") = "Application.ExampleFeature", "Features\Application.ExampleFeature\Application.ExampleFeature.csproj", "{D9962725-F6B0-4469-9946-1E862FF99115}"
EndProject
Project("{2150E333-8FDC-42A3-9474-1A3956D46DE8}") = "Tests", "Tests", "{9113E76A-54B7-4FD8-9966-787322F971C9}"
EndProject
Global
	GlobalSection(SolutionConfigurationPlatforms) = preSolution
		Debug|Any CPU = Debug|Any CPU
		Release|Any CPU = Release|Any CPU
	EndGlobalSection
	GlobalSection(ProjectConfigurationPlatforms) = postSolution
		{C05EDDF7-B9D0-472A-BDA0-38D311B2CCBE}.Debug|Any CPU.ActiveCfg = Debug|Any CPU
		{C05EDDF7-B9D0-472A-BDA0-38D311B2CCBE}.Debug|Any CPU.Build.0 = Debug|Any CPU
		{C05EDDF7-B9D0-472A-BDA0-38D311B2CCBE}.Release|Any CPU.ActiveCfg = Release|Any CPU
		{C05EDDF7-B9D0-472A-BDA0-38D311B2CCBE}.Release|Any CPU.Build.0 = Release|Any CPU
		{60180037-CFA9-4E03-809A-F318379FC8D6}.Debug|Any CPU.ActiveCfg = Debug|Any CPU
		{60180037-CFA9-4E03-809A-F318379FC8D6}.Debug|Any CPU.Build.0 = Debug|Any CPU
		{60180037-CFA9-4E03-809A-F318379FC8D6}.Release|Any CPU.ActiveCfg = Release|Any CPU
		{60180037-CFA9-4E03-809A-F318379FC8D6}.Release|Any CPU.Build.0 = Release|Any CPU
		{A552F078-26B5-415D-AF36-3C442415EEDC}.Debug|Any CPU.ActiveCfg = Debug|Any CPU
		{A552F078-26B5-415D-AF36-3C442415EEDC}.Debug|Any CPU.Build.0 = Debug|Any CPU
		{A552F078-26B5-415D-AF36-3C442415EEDC}.Release|Any CPU.ActiveCfg = Release|Any CPU
		{A552F078-26B5-415D-AF36-3C442415EEDC}.Release|Any CPU.Build.0 = Release|Any CPU
		{D9962725-F6B0-4469-9946-1E862FF99115}.Debug|Any CPU.ActiveCfg = Debug|Any CPU
		{D9962725-F6B0-4469-9946-1E862FF99115}.Debug|Any CPU.Build.0 = Debug|Any CPU
		{D9962725-F6B0-4469-9946-1E862FF99115}.Release|Any CPU.ActiveCfg = Release|Any CPU
		{D9962725-F6B0-4469-9946-1E862FF99115}.Release|Any CPU.Build.0 = Release|Any CPU
	EndGlobalSection
	GlobalSection(SolutionProperties) = preSolution
		HideSolutionNode = FALSE
	EndGlobalSection
	GlobalSection(NestedProjects) = preSolution
		{D9962725-F6B0-4469-9946-1E862FF99115} = {4FEA992D-B62A-4541-835F-FABA1ED272C0}
	EndGlobalSection
	GlobalSection(ExtensibilityGlobals) = postSolution
		SolutionGuid = {F6F51242-64F8-47A6-B438-60A26300D41A}
	EndGlobalSection
EndGlobal
